{
  "version": "2",
  "remote": {
    "https://deno.land/std@0.180.0/_util/asserts.ts": "178dfc49a464aee693a7e285567b3d0b555dc805ff490505a8aae34f9cfb1462",
    "https://deno.land/std@0.180.0/_util/os.ts": "d932f56d41e4f6a6093d56044e29ce637f8dcc43c5a90af43504a889cf1775e3",
    "https://deno.land/std@0.180.0/fs/_util.ts": "65381f341af1ff7f40198cee15c20f59951ac26e51ddc651c5293e24f9ce6f32",
    "https://deno.land/std@0.180.0/fs/ensure_dir.ts": "dc64c4c75c64721d4e3fb681f1382f803ff3d2868f08563ff923fdd20d071c40",
    "https://deno.land/std@0.180.0/path/_constants.ts": "e49961f6f4f48039c0dfed3c3f93e963ca3d92791c9d478ac5b43183413136e0",
    "https://deno.land/std@0.180.0/path/_interface.ts": "6471159dfbbc357e03882c2266d21ef9afdb1e4aa771b0545e90db58a0ba314b",
    "https://deno.land/std@0.180.0/path/_util.ts": "d7abb1e0dea065f427b89156e28cdeb32b045870acdf865833ba808a73b576d0",
    "https://deno.land/std@0.180.0/path/common.ts": "ee7505ab01fd22de3963b64e46cff31f40de34f9f8de1fff6a1bd2fe79380000",
    "https://deno.land/std@0.180.0/path/glob.ts": "d479e0a695621c94d3fd7fe7abd4f9499caf32a8de13f25073451c6ef420a4e1",
    "https://deno.land/std@0.180.0/path/mod.ts": "4b83694ac500d7d31b0cdafc927080a53dc0c3027eb2895790fb155082b0d232",
    "https://deno.land/std@0.180.0/path/posix.ts": "8b7c67ac338714b30c816079303d0285dd24af6b284f7ad63da5b27372a2c94d",
    "https://deno.land/std@0.180.0/path/separator.ts": "0fb679739d0d1d7bf45b68dacfb4ec7563597a902edbaf3c59b50d5bcadd93b1",
    "https://deno.land/std@0.180.0/path/win32.ts": "d186344e5583bcbf8b18af416d13d82b35a317116e6460a5a3953508c3de5bba",
    "https://deno.land/std@0.192.0/_util/asserts.ts": "178dfc49a464aee693a7e285567b3d0b555dc805ff490505a8aae34f9cfb1462",
    "https://deno.land/std@0.192.0/_util/os.ts": "d932f56d41e4f6a6093d56044e29ce637f8dcc43c5a90af43504a889cf1775e3",
    "https://deno.land/std@0.192.0/async/abortable.ts": "fd682fa46f3b7b16b4606a5ab52a7ce309434b76f820d3221bdfb862719a15d7",
    "https://deno.land/std@0.192.0/async/deadline.ts": "58f72a3cc0fcb731b2cc055ba046f4b5be3349ff6bf98f2e793c3b969354aab2",
    "https://deno.land/std@0.192.0/async/debounce.ts": "adab11d04ca38d699444ac8a9d9856b4155e8dda2afd07ce78276c01ea5a4332",
    "https://deno.land/std@0.192.0/async/deferred.ts": "42790112f36a75a57db4a96d33974a936deb7b04d25c6084a9fa8a49f135def8",
    "https://deno.land/std@0.192.0/async/delay.ts": "73aa04cec034c84fc748c7be49bb15cac3dd43a57174bfdb7a4aec22c248f0dd",
    "https://deno.land/std@0.192.0/async/mod.ts": "f04344fa21738e5ad6bea37a6bfffd57c617c2d372bb9f9dcfd118a1b622e576",
    "https://deno.land/std@0.192.0/async/mux_async_iterator.ts": "70c7f2ee4e9466161350473ad61cac0b9f115cff4c552eaa7ef9d50c4cbb4cc9",
    "https://deno.land/std@0.192.0/async/pool.ts": "f1b8d3df4d7fd3c73f8cbc91cc2e8b8e950910f1eab94230b443944d7584c657",
    "https://deno.land/std@0.192.0/async/retry.ts": "6521c061a5ab24e8b1ae624bdc581c4243d1d574f99dc7f5a2a195c2241fb1b8",
    "https://deno.land/std@0.192.0/async/tee.ts": "47e42d35f622650b02234d43803d0383a89eb4387e1b83b5a40106d18ae36757",
    "https://deno.land/std@0.192.0/bytes/bytes_list.ts": "31d664f4d42fa922066405d0e421c56da89d751886ee77bbe25a88bf0310c9d0",
    "https://deno.land/std@0.192.0/bytes/concat.ts": "d26d6f3d7922e6d663dacfcd357563b7bf4a380ce5b9c2bbe0c8586662f25ce2",
    "https://deno.land/std@0.192.0/bytes/copy.ts": "939d89e302a9761dcf1d9c937c7711174ed74c59eef40a1e4569a05c9de88219",
    "https://deno.land/std@0.192.0/bytes/ends_with.ts": "4228811ebc71615d27f065c54b5e815ec1972538772b0f413c0efe05245b472e",
    "https://deno.land/std@0.192.0/bytes/equals.ts": "b87494ce5442dc786db46f91378100028c402f83a14a2f7bbff6bda7810aefe3",
    "https://deno.land/std@0.192.0/bytes/includes_needle.ts": "76a8163126fb2f8bf86fd7f22192c3bb04bf6a20b987a095127c2ca08adf3ba6",
    "https://deno.land/std@0.192.0/bytes/index_of_needle.ts": "65c939607df609374c4415598fa4dad04a2f14c4d98cd15775216f0aaf597f24",
    "https://deno.land/std@0.192.0/bytes/last_index_of_needle.ts": "7181072883cb4908c6ce8f7a5bb1d96787eef2c2ab3aa94fe4268ab326a53cbf",
    "https://deno.land/std@0.192.0/bytes/mod.ts": "e869bba1e7a2e3a9cc6c2d55471888429a544e70a840c087672e656e7ba21815",
    "https://deno.land/std@0.192.0/bytes/repeat.ts": "6f5e490d8d72bcbf8d84a6bb04690b9b3eb5822c5a11687bca73a2318a842294",
    "https://deno.land/std@0.192.0/bytes/starts_with.ts": "3e607a70c9c09f5140b7a7f17a695221abcc7244d20af3eb47ccbb63f5885135",
    "https://deno.land/std@0.192.0/encoding/base64.ts": "144ae6234c1fbe5b68666c711dc15b1e9ee2aef6d42b3b4345bf9a6c91d70d0d",
    "https://deno.land/std@0.192.0/flags/mod.ts": "17f444ddbee43c5487568de0c6a076c7729cfe90d96d2ffcd2b8f8adadafb6e8",
    "https://deno.land/std@0.192.0/fmt/colors.ts": "d67e3cd9f472535241a8e410d33423980bec45047e343577554d3356e1f0ef4e",
    "https://deno.land/std@0.192.0/fs/_util.ts": "fbf57dcdc9f7bc8128d60301eece608246971a7836a3bb1e78da75314f08b978",
    "https://deno.land/std@0.192.0/fs/ensure_dir.ts": "dc64c4c75c64721d4e3fb681f1382f803ff3d2868f08563ff923fdd20d071c40",
    "https://deno.land/std@0.192.0/http/server.ts": "1b23463b5b36e4eebc495417f6af47a6f7d52e3294827a1226d2a1aab23d9d20",
    "https://deno.land/std@0.192.0/jsonc/mod.ts": "b88dce28eb3645667caa856538ae2fe87af51410822544a0b45a4177ef3bd7dd",
    "https://deno.land/std@0.192.0/jsonc/parse.ts": "2910e33bc7c3b243e3b6f3a39ce4d6ca84337b277a8df6f2ad2d9e4adbcddc08",
    "https://deno.land/std@0.192.0/path/_constants.ts": "e49961f6f4f48039c0dfed3c3f93e963ca3d92791c9d478ac5b43183413136e0",
    "https://deno.land/std@0.192.0/path/_interface.ts": "6471159dfbbc357e03882c2266d21ef9afdb1e4aa771b0545e90db58a0ba314b",
    "https://deno.land/std@0.192.0/path/_util.ts": "d7abb1e0dea065f427b89156e28cdeb32b045870acdf865833ba808a73b576d0",
    "https://deno.land/std@0.192.0/path/common.ts": "ee7505ab01fd22de3963b64e46cff31f40de34f9f8de1fff6a1bd2fe79380000",
    "https://deno.land/std@0.192.0/path/glob.ts": "d479e0a695621c94d3fd7fe7abd4f9499caf32a8de13f25073451c6ef420a4e1",
    "https://deno.land/std@0.192.0/path/mod.ts": "f065032a7189404fdac3ad1a1551a9ac84751d2f25c431e101787846c86c79ef",
    "https://deno.land/std@0.192.0/path/posix.ts": "8b7c67ac338714b30c816079303d0285dd24af6b284f7ad63da5b27372a2c94d",
    "https://deno.land/std@0.192.0/path/separator.ts": "0fb679739d0d1d7bf45b68dacfb4ec7563597a902edbaf3c59b50d5bcadd93b1",
    "https://deno.land/std@0.192.0/path/win32.ts": "d186344e5583bcbf8b18af416d13d82b35a317116e6460a5a3953508c3de5bba",
    "https://deno.land/x/aleph@1.0.0-beta.44/framework/core/error.ts": "65b0dfaef2e8a77f857fdb6b953c4306d88af01690615bd8fb1a3570e336b255",
    "https://deno.land/x/aleph@1.0.0-beta.44/framework/core/events.ts": "d1d3d6a41a85bcaba8b624646c199736f5995108e3ac87d159e78832ea51efbd",
    "https://deno.land/x/aleph@1.0.0-beta.44/framework/core/redirect.ts": "b65f0cafdca115b41e6e1499e420655ea55d1f3c140e0784d640de59e3606185",
    "https://deno.land/x/aleph@1.0.0-beta.44/framework/core/router.ts": "cb5c1f3ed0d25578d4ec26491e5554992af5b7765ee5852a390b3785085f52d0",
    "https://deno.land/x/aleph@1.0.0-beta.44/framework/core/url_pattern.ts": "d218c6fe81646adb0dc164b7515a4eff959f4b64b975bfc2ee7696cb0864a3a3",
    "https://deno.land/x/aleph@1.0.0-beta.44/framework/react/client.ts": "f4ca7bc5b6f18faa4faae864cbd1b27cc000474f830d3066fe0f38e7823c5e92",
    "https://deno.land/x/aleph@1.0.0-beta.44/framework/react/context.ts": "ca3efebc3f1db76725969d8178e405e635c2825665b9b8573133c4ed63f3e2a4",
    "https://deno.land/x/aleph@1.0.0-beta.44/framework/react/data.ts": "4987ca0fc9fae3cbb61982c9136f2658173bd7971f7dcbc7e881a4b62d71e701",
    "https://deno.land/x/aleph@1.0.0-beta.44/framework/react/error.ts": "b5c784b1a3fac7d550b82780dd5ba4ff8d64a1293559ec7ec702e2905a4915a2",
    "https://deno.land/x/aleph@1.0.0-beta.44/framework/react/head.ts": "0bb40ded9a5e83371c6d43f6e3ecb6b506ce9b2eb9e2b13d6a4a86f62f269efa",
    "https://deno.land/x/aleph@1.0.0-beta.44/framework/react/link.ts": "d31aaff82526fb760b46e17212e07632398660a38d18fd82dec97baf533e709e",
    "https://deno.land/x/aleph@1.0.0-beta.44/framework/react/mod.ts": "8ae50b9efe8c0c6e9e4e076e3c5bd428c4c1e6645ff4c57e35935abdfa2266f4",
    "https://deno.land/x/aleph@1.0.0-beta.44/framework/react/plugin.ts": "cf0dbb9d5a30d2fd0a683f93dfd41fd41c0aa40d9bcb4d21ebedf949c6d23ac5",
    "https://deno.land/x/aleph@1.0.0-beta.44/framework/react/portal.ts": "57bffcf10ad1d1badc5ece9a1859ecbe2d22c4ddc86519d3e2e067c114ec436f",
    "https://deno.land/x/aleph@1.0.0-beta.44/framework/react/router.ts": "52c7cfb8020fafb3ce7c0855c76243870b8ce21d609ee7007e2a95ca32f0d859",
    "https://deno.land/x/aleph@1.0.0-beta.44/plugins/deploy.ts": "28f7d6059bf5fae09dca1817e16c133529544a2c908e56235ab5bdbd9e7a38f7",
    "https://deno.land/x/aleph@1.0.0-beta.44/plugins/unocss.ts": "5f0dfa5dd037299b9b486b3320ff79895bc18e739e750e7e33ad887b145102b7",
    "https://deno.land/x/aleph@1.0.0-beta.44/server/build.ts": "9d165ff118e0652cb345e983de239c24760fc97960f5826fa4d40d7af06b6641",
    "https://deno.land/x/aleph@1.0.0-beta.44/server/cache.ts": "1f1118d4efa440a6c2ad1c55a98357e1d1406aefc40bdef5c102fa8969076cf2",
    "https://deno.land/x/aleph@1.0.0-beta.44/server/context.ts": "cd865dcaeb23703337e3d05908bbf9b5a068b3dfde6512cb7373cba540a3f8f6",
    "https://deno.land/x/aleph@1.0.0-beta.44/server/deps.ts": "766e991462a4c9958669ee25adf42e4065b25cd95b2ef3135609c05f23e752d0",
    "https://deno.land/x/aleph@1.0.0-beta.44/server/dev.ts": "dbd6fc2f52407ae2be19fbfd2da331ef42a0c68064badda3efadab5a1a9a6e27",
    "https://deno.land/x/aleph@1.0.0-beta.44/server/graph.ts": "15ca091aab1e06bef77508ce50c6010fe4e8d41653fba9529f9116657173d607",
    "https://deno.land/x/aleph@1.0.0-beta.44/server/handler.ts": "eb51c8f05ed44747d8c7e26921fc11a9146b220abe863f9852a8829e59016366",
    "https://deno.land/x/aleph@1.0.0-beta.44/server/helpers.ts": "3933d428b8f6eca1fe70cbbad1bbce068b27da32500f7185208558d687eb3820",
    "https://deno.land/x/aleph@1.0.0-beta.44/server/html.ts": "bb73e4b947b8883535795604434e8180edf97e27e4e4c1296d6fe59f4fa4eb24",
    "https://deno.land/x/aleph@1.0.0-beta.44/server/log.ts": "9c7abad7015f0dbd421cb1ec090da9e67f9854c8c0c5bef4d3b1202a6ab0af95",
    "https://deno.land/x/aleph@1.0.0-beta.44/server/media_type.ts": "2bce52b8eb4378b6a50f86130d644f0cfca1d43d5d6999debbbc8fe464891fc4",
    "https://deno.land/x/aleph@1.0.0-beta.44/server/mod.ts": "0a84dc1411ba6d99514416b4d066cf6421d7ea5a86e113b1bbe473ac7fd154f1",
    "https://deno.land/x/aleph@1.0.0-beta.44/server/renderer.ts": "90e396873cf76c75322552087998ab49ed07312e9a39f481986a74f40d053316",
    "https://deno.land/x/aleph@1.0.0-beta.44/server/router.ts": "16aa94bce034496b07cbfaf94d91aab5b9f9d87ff014bc3a4676f5d80dfaaeaf",
    "https://deno.land/x/aleph@1.0.0-beta.44/server/session.ts": "3e7720800601fbec15e6647ee893421e761a2fe054e79e1c12c4c5106259eac1",
    "https://deno.land/x/aleph@1.0.0-beta.44/server/transformer.ts": "e230a6d23d8a737447233fe3ca1efa4ec3960f367aaeadd92729a71e82b178c2",
    "https://deno.land/x/aleph@1.0.0-beta.44/shared/util.ts": "05b9c60ccb2216150f049615d185cc4a0bdd54829820a5ddc6f82641b4d4ff4f",
    "https://deno.land/x/aleph@1.0.0-beta.44/version.ts": "c735281d072759e60019fba2cb923e860e496c76998e9131ac4c8b5ea2694fd8",
    "https://deno.land/x/aleph_compiler@0.9.3/dist/compiler.js": "06518b3d7d4e2489c2425e824c107e96a0d08a53100b84ed0bc098f64ba575f2",
    "https://deno.land/x/aleph_compiler@0.9.3/dist/wasm.js": "89fb290e363a5dda5b77020c78b008700781dfc9dc2d445d1fc8c8bf1f1aaea1",
    "https://deno.land/x/aleph_compiler@0.9.3/mod.ts": "4e5bf63998a1d8293a98f7c2fd723e5768129b4421e00f47e504bb0cfd2312f8",
    "https://deno.land/x/aleph_compiler@0.9.3/types.ts": "83912306f6e51a1cb25723b982a2a4487efd66ac182447c07d5e2f074329366a",
    "https://deno.land/x/aleph_compiler@0.9.3/version.ts": "e094b6bae495fb6c416d822cdd9f136ee1ecc3f0669ce2c5a8a1b5c2e802bcf0",
    "https://deno.land/x/denoflate@1.2.1/mod.ts": "f5628e44b80b3d80ed525afa2ba0f12408e3849db817d47a883b801f9ce69dd6",
    "https://deno.land/x/denoflate@1.2.1/pkg/denoflate.js": "b9f9ad9457d3f12f28b1fb35c555f57443427f74decb403113d67364e4f2caf4",
    "https://deno.land/x/denoflate@1.2.1/pkg/denoflate_bg.wasm.js": "d581956245407a2115a3d7e8d85a9641c032940a8e810acbd59ca86afd34d44d",
    "https://deno.land/x/esbuild@v0.17.12/mod.js": "8e93e1a2ac8c86aa7160383f2474e189b47783c21a8930e0669523925e65aac5",
    "https://deno.land/x/lol_html@0.0.6/lol_html.js": "efa396ae3506f40d81af8917b2a04c955550f738774e5ba5e3d2f9b10bb3bd02",
    "https://deno.land/x/lol_html@0.0.6/mod.ts": "308001155134d2b3d65f55d25eada007c88aa01b5c4866ac02c59953c83563f2",
    "https://deno.land/x/lol_html@0.0.6/wasm.js": "74a2424ff8f77439c465e5bcac6a347095c3b3580e76211ce4a6c140a2e15c3f",
    "https://deno.land/x/sax_ts@v1.2.10/src/sax.ts": "3d468d10d13d2690b5910fd12afc3cf52d979c0f144899d5c36da45c0931634e",
    "https://deno.land/x/ytdl_core@v0.1.2/deps.ts": "7428c417a5b9fdba0db74790a328e5824e35cc332c25153c7bcf1657a2cf8a4f",
    "https://deno.land/x/ytdl_core@v0.1.2/mod.ts": "5654b5800933c38b0a7cac3f305811668e786b9a717c47c4a8d156c07736ac25",
    "https://deno.land/x/ytdl_core@v0.1.2/src/cache.ts": "d6ea5bce94dbc42d2fb1533c0975cf3fc46e32c432b6f2fcaf00c8afdb70c691",
    "https://deno.land/x/ytdl_core@v0.1.2/src/format_util.ts": "15be04873e9d178060abd00a221ae6fef7c7987d0b519f521e785f350cc51b39",
    "https://deno.land/x/ytdl_core@v0.1.2/src/formats.ts": "18f14e61c6860cf19fc454d9a7e830f43af4b8a39a7afccf7d6839f90e5e9204",
    "https://deno.land/x/ytdl_core@v0.1.2/src/info.ts": "a3a47373121c5c17c9913b682417a61993ece1345af6ab570c3e70bfc858f2a1",
    "https://deno.land/x/ytdl_core@v0.1.2/src/info_extras.ts": "f3627c10c811e63714c4939806fe5e460aa4d7a372e4e587bc9f0992cb4ff0e7",
    "https://deno.land/x/ytdl_core@v0.1.2/src/request.ts": "66cf1b5418b5a60e542f6541846cfd28ad9b0555c585d8307e5b37da1605f892",
    "https://deno.land/x/ytdl_core@v0.1.2/src/sig.ts": "303e7be76434d35999e32b890ec727b4ff628535d0e358d5cca74ccbe73279a2",
    "https://deno.land/x/ytdl_core@v0.1.2/src/stream.ts": "ff76a4172284b7a4148ab79390093e27f5cf67881b91ff51936b8cba6fdc3e0e",
    "https://deno.land/x/ytdl_core@v0.1.2/src/types.ts": "6b71aff86663d779f6f9457506d6634b6e86ee6f7d0a7aaeda2838ce31306e64",
    "https://deno.land/x/ytdl_core@v0.1.2/src/url_utils.ts": "8b8eb4b76344cae0bede4839b377a0acff3df0a24eef621841358b4aff0f2153",
    "https://deno.land/x/ytdl_core@v0.1.2/src/utils.ts": "9f1334987679194479879c8e9be0c173b60cd4ec784707b086bb04d748d75b3c",
    "https://deno.land/x/ytdl_core@v0.1.2/src/video.ts": "8d55c1775caf5443b478e59b07a38f0418e17cc069ff42caf959c281462f4537",
    "https://esm.sh/@trpc/client@10.34.1": "5b84c60908e136c291dde0443d2a2cabe9fc1596e7d77398fcf201b70bfe9e9d",
    "https://esm.sh/@trpc/server@10.34.1": "bfaddfed9b8b299e5fa3e627d81ba33a15f45ae886bcdbf06a21db6ee526df33",
    "https://esm.sh/@trpc/server@10.34.1/adapters/fetch": "73f64708952f8a5e1fd52922acb1a1ae8a14191a4e30b4298b328be4b8d69219",
    "https://esm.sh/m3u8stream@0.8.6": "8c10dac71f1e293423708639dd66e528546ce1774ba2b44f99bf58e82edf8379",
    "https://esm.sh/mitt@3.0.0?pin=v110": "c116047e6ac3b99ca4aab156f3ddf41e696a8db59e50507eafed46e17ac58ce6",
    "https://esm.sh/querystring@0.2.1": "755298c9f9e8c00f3838fe4107d1052a7b7137e3f9bb5ccb32d754f0442dcb17",
    "https://esm.sh/stable/react@18.2.0/denonext/jsx-runtime.js": "54d8a51c6ca025380abd2d5302e4a9b38ff835d9759c4657e52314f587eaf6bf",
    "https://esm.sh/stable/react@18.2.0/denonext/react.mjs": "3c4f23bcfc53b256fcfaf6f834fa9f584c3bb7be667b2682c6cb6ba8ef88f8e6",
    "https://esm.sh/unocss-preset-daisy@6.0.0": "4b1feab927f1b032ca0e99c0e480f9b1ac9e97fc769a4f9197d20e6f6c3d4e66",
    "https://esm.sh/v110/mitt@3.0.0/deno/mitt.js": "a53bd477c1b4445ef0e87a1b4f66124bee301ff5351f85e76689415f3bf6b007",
    "https://esm.sh/v126/mitt@3.0.0": "41ca510c85d0aaee3ab7c09273a4f394afff976a14398c1611037b82c24e0a21",
    "https://esm.sh/v126/mitt@3.0.0/denonext/mitt.mjs": "4afe21572fb471e15f6a9b7f139bcd12fdbc2e730e0f3e15eadb7d19e18a12f8",
    "https://esm.sh/v128/@trpc/client@10.34.1/denonext/client.mjs": "8bd03b1ae313f974b74ee4c3ff0c07e3c9d2af6846d61ba58260f8c3c228c92a",
    "https://esm.sh/v128/@trpc/server@10.34.1/denonext/adapters/fetch.js": "6317b270e7f9663636729414b8111dd6021b93cf554d6d33c1e87ca542a9acdb",
    "https://esm.sh/v128/@trpc/server@10.34.1/denonext/observable.js": "9e72b59085e357454e6d0751b9ebf2cbdf1944586432196920062d97c1428613",
    "https://esm.sh/v128/@trpc/server@10.34.1/denonext/server.mjs": "0ef292b1a5139d4a82d97d50589e988a2a3fbae1812de094723111f8aa18586d",
    "https://esm.sh/v128/@trpc/server@10.34.1/denonext/shared.js": "e94d871825fd326d8914501c06f68371712234886f210a01b49987fd635d71d2",
    "https://esm.sh/v128/@unocss/core@0.50.6": "778b701723a96637dc91c5225328c111b74a22e3eb02923c7963894f678a539b",
    "https://esm.sh/v128/@unocss/core@0.50.6/denonext/core.mjs": "3513068e6e9e3c3fec032a76f6fd050991f1d3f02bf2c42ac5ffc898debac012",
    "https://esm.sh/v128/@unocss/preset-mini@0.50.6/denonext/preset-mini.mjs": "f0c9b7e855fcd4a9f023c94a0a6f2d232c25d3f8d8cc573c55d229a74ea1f374",
    "https://esm.sh/v128/@unocss/preset-mini@0.50.6/denonext/rules.js": "f52fac6b89bbee2c132e31b5e133cb97b7e8cdb56820d1633d65a3e45aef2ff5",
    "https://esm.sh/v128/@unocss/preset-mini@0.50.6/denonext/theme.js": "9bd6cee57a366c757e5883c4ad31f816196ebf6cc2842bddbbeb72700fc5d4be",
    "https://esm.sh/v128/@unocss/preset-mini@0.50.6/denonext/utils.js": "7bf4863e3a35baaf52e098539bba18c35dc98e2d57dfd520776fdfa11010c31a",
    "https://esm.sh/v128/@unocss/preset-mini@0.50.6/denonext/variants.js": "056745826acb5adbe0b34ab91c824583df507c74b11d03859038bad23ce80a0e",
    "https://esm.sh/v128/@unocss/preset-uno@0.50.6": "d525f39a5e598d9f303bec900ccca72b37e32368b69b31ff353dc0f32ddc57dd",
    "https://esm.sh/v128/@unocss/preset-uno@0.50.6/denonext/preset-uno.mjs": "46038cd6b92deec2db3a5a698e8a753d10035afdf521b7f7db3ff84f68fea301",
    "https://esm.sh/v128/@unocss/preset-wind@0.50.6/denonext/preset-wind.mjs": "3dcf779349aa97497732769fc43fd38284e521cc25a9f37ed6ca608bacfcd76a",
    "https://esm.sh/v128/autoprefixer@10.4.14/denonext/autoprefixer.mjs": "4023d45aa496fcd5cd2cad0a36ae71c16d9ed886798e770344a7ab90af79aa83",
    "https://esm.sh/v128/browserslist@4.21.9/denonext/browserslist.mjs": "edc01dda62e4b547a9ac403898ea7d9d428ac37ac15c30cc164816c403aaf552",
    "https://esm.sh/v128/camelcase-css@2.0.1/denonext/camelcase-css.mjs": "33a527694ad2ea66a9dc7cb6ba2890e2663ff68bf90bb6e69cd1040c666ba2b9",
    "https://esm.sh/v128/camelcase@7.0.1/denonext/camelcase.mjs": "919e1bfb08081c0ec25878dcf9479421b0c9afa81c50c0fe9c47f13c685afacd",
    "https://esm.sh/v128/caniuse-lite@1.0.30001504/denonext/data/features/background-clip-text.js": "26cb437876d51ec16b499a0a3aacaca8cc5f96f6353194909c608a3e4340cc05",
    "https://esm.sh/v128/caniuse-lite@1.0.30001504/denonext/data/features/background-img-opts.js": "c0f0b3ad357a14d8d61151ff267d8bc8b6fdd845e81891088cf31d25435be48f",
    "https://esm.sh/v128/caniuse-lite@1.0.30001504/denonext/data/features/border-image.js": "88a4bea263f07323ce5572d08704d792500e7afdb5f77f184ab53363ba6e01f7",
    "https://esm.sh/v128/caniuse-lite@1.0.30001504/denonext/data/features/border-radius.js": "2becb455c507145f712fd7eaac46ef10e56995a0155181b06c9f4b2a1051a0cf",
    "https://esm.sh/v128/caniuse-lite@1.0.30001504/denonext/data/features/calc.js": "23bd7383149a4835df57a246361777a57db000f081175bc962c757957b04f8cd",
    "https://esm.sh/v128/caniuse-lite@1.0.30001504/denonext/data/features/css-animation.js": "0bccc2706df992eb6513ed4fe26f524d909ccb47a703c03ac76220add2736e1e",
    "https://esm.sh/v128/caniuse-lite@1.0.30001504/denonext/data/features/css-any-link.js": "c94258d9676258b152d4677e958d91f637d7afe7dfbed0ab67480c403fc31838",
    "https://esm.sh/v128/caniuse-lite@1.0.30001504/denonext/data/features/css-appearance.js": "b33682868d24fd613b2b6db19d554d4c92fb79a9ed6bbf4bddb3d20c1b3c59a7",
    "https://esm.sh/v128/caniuse-lite@1.0.30001504/denonext/data/features/css-autofill.js": "13ab6f2860b01665acbd97417b06f57fdb38128b3b344d64c1bf36b4c518d3a1",
    "https://esm.sh/v128/caniuse-lite@1.0.30001504/denonext/data/features/css-backdrop-filter.js": "5f7d8cde33ce6d1ad8a104944b05a215acb929eab5202e70e0a5e453f2e2f69e",
    "https://esm.sh/v128/caniuse-lite@1.0.30001504/denonext/data/features/css-boxdecorationbreak.js": "c7d0f5085f1cc224392316ade10c03e9ebf7adebbee4a14d7887322ecd692054",
    "https://esm.sh/v128/caniuse-lite@1.0.30001504/denonext/data/features/css-boxshadow.js": "ba2430d698bc181696f4be8e3ee2705876c0887b4d6f967768a5ef565538de7e",
    "https://esm.sh/v128/caniuse-lite@1.0.30001504/denonext/data/features/css-clip-path.js": "54bb5f41eb77b1d4272742771cb762b4eb476b5c10ac39398c97ff2825a2a8fa",
    "https://esm.sh/v128/caniuse-lite@1.0.30001504/denonext/data/features/css-crisp-edges.js": "ab647d19143eb5212929c6c9af70c5cb1996c8111dd4ffbd00fa579b5b6fe3ce",
    "https://esm.sh/v128/caniuse-lite@1.0.30001504/denonext/data/features/css-cross-fade.js": "bf6286cf754f2d59395143ad798c19b3c5a12e2352219f0112a02c9b774f49a5",
    "https://esm.sh/v128/caniuse-lite@1.0.30001504/denonext/data/features/css-deviceadaptation.js": "aa6ec33bc5161d0bca8c06ce969bc645c9925eca859517f2dd140c3b4803362d",
    "https://esm.sh/v128/caniuse-lite@1.0.30001504/denonext/data/features/css-element-function.js": "1112f3b7f7e2b9a5a2010a65dc143d9409af10b4cfad15a8bf5774348e880d4b",
    "https://esm.sh/v128/caniuse-lite@1.0.30001504/denonext/data/features/css-featurequeries.js": "f4de2966047030fce0a0f8c617780a478e768aa1f441f2e4b5e2ff4fdc731d41",
    "https://esm.sh/v128/caniuse-lite@1.0.30001504/denonext/data/features/css-file-selector-button.js": "8a063dccad0b94427095d171242e34b45540553543444ea85392d9c091a77dfd",
    "https://esm.sh/v128/caniuse-lite@1.0.30001504/denonext/data/features/css-filter-function.js": "ef732567bb76edc4b5429d79dabdae187a24759ba9d5409190aa2383a0f3c24b",
    "https://esm.sh/v128/caniuse-lite@1.0.30001504/denonext/data/features/css-filters.js": "c56ff01a75d68c3be6a634692217f6195ca599424344e0d6818a709800c1e6e1",
    "https://esm.sh/v128/caniuse-lite@1.0.30001504/denonext/data/features/css-gradients.js": "17170e0a20b932f11648a281186c99d8ec9d01d1fa862a5f97ee4a56b4988785",
    "https://esm.sh/v128/caniuse-lite@1.0.30001504/denonext/data/features/css-grid.js": "453d610b22fdc56264df44d274f7575cf0a8595ee0b272dd596c6f3235d3482a",
    "https://esm.sh/v128/caniuse-lite@1.0.30001504/denonext/data/features/css-hyphens.js": "4145eb731e1f222a6a157b41ebce4dcb0fd2eb765678b9331ba6940b3a84b649",
    "https://esm.sh/v128/caniuse-lite@1.0.30001504/denonext/data/features/css-image-set.js": "7b82668a906a773800a93870662361be7a940ab6005429304a3aabee02f90d2d",
    "https://esm.sh/v128/caniuse-lite@1.0.30001504/denonext/data/features/css-logical-props.js": "4c35eb9c2588b27b5af82a6bcc29757ffb48d475f247277dba23f7b26f0ab778",
    "https://esm.sh/v128/caniuse-lite@1.0.30001504/denonext/data/features/css-masks.js": "c9c223079d19eb62f3df0557e9ccddaa2df45fee92bdfdc34e913a4d246b4b43",
    "https://esm.sh/v128/caniuse-lite@1.0.30001504/denonext/data/features/css-media-resolution.js": "2fb72d88f75306d8a467871f0cf2a8e0cb60da8c99e29d9b118a0231fb58d72d",
    "https://esm.sh/v128/caniuse-lite@1.0.30001504/denonext/data/features/css-overscroll-behavior.js": "cd3bd72659c2a391f8fc389c8834bc8f075cd0aa64d5fa3232f221bc7d978f5c",
    "https://esm.sh/v128/caniuse-lite@1.0.30001504/denonext/data/features/css-placeholder-shown.js": "c2803b905b640e918841f53cbc4749e831e4a283be75ac199ce25a03e3cb9e14",
    "https://esm.sh/v128/caniuse-lite@1.0.30001504/denonext/data/features/css-placeholder.js": "e905aaae16c5821d2c3c3d90d8b11cc5d636830b8deec73a1bd3852183df6f09",
    "https://esm.sh/v128/caniuse-lite@1.0.30001504/denonext/data/features/css-print-color-adjust.js": "5aa3da1560b2320fb3d1fa5da320f53152f2d10be8331c422d1ac3299330f9de",
    "https://esm.sh/v128/caniuse-lite@1.0.30001504/denonext/data/features/css-read-only-write.js": "718016516adaedd6dff476230a6b0c00777d5a83db6baaab1f71ea84f6533321",
    "https://esm.sh/v128/caniuse-lite@1.0.30001504/denonext/data/features/css-regions.js": "82d7ada3e6f421980e648c3563abe522c5fbaaa07cc17c6b4d4246ac76e5cb45",
    "https://esm.sh/v128/caniuse-lite@1.0.30001504/denonext/data/features/css-selection.js": "e341122e3aeef7649d1256006520a30af1be2aedbe2016dda9ee9dbc45b892fa",
    "https://esm.sh/v128/caniuse-lite@1.0.30001504/denonext/data/features/css-shapes.js": "920c5240fc48206b28080b8e59f96008ffa141743a47b39c5d1d981051ee7212",
    "https://esm.sh/v128/caniuse-lite@1.0.30001504/denonext/data/features/css-snappoints.js": "eb978c1ac783e6da13d12788be18f7b1688c1f0f42449aad4d3c9623e264f0bd",
    "https://esm.sh/v128/caniuse-lite@1.0.30001504/denonext/data/features/css-sticky.js": "6c919dc627df4a018e042d8e7da5dcb437073cda87d621823727c74d2625c8c4",
    "https://esm.sh/v128/caniuse-lite@1.0.30001504/denonext/data/features/css-text-align-last.js": "1fb5eaab27399f076142b957f09b5149b637bed2b654bbd2ae0fafd3037def4f",
    "https://esm.sh/v128/caniuse-lite@1.0.30001504/denonext/data/features/css-text-orientation.js": "8d3c75ea5218a681065fd25ece4a2c3bd46b0595f613c557d7662686dd2ec60f",
    "https://esm.sh/v128/caniuse-lite@1.0.30001504/denonext/data/features/css-text-spacing.js": "ab3de47696e9354be3609e67db8acf968d8c50ac94402eeea3076e2c812c1767",
    "https://esm.sh/v128/caniuse-lite@1.0.30001504/denonext/data/features/css-transitions.js": "98723214bf594483e30b6cfff81ec7b136a67b8f0c0928da3e45bf6a8f2999da",
    "https://esm.sh/v128/caniuse-lite@1.0.30001504/denonext/data/features/css-width-stretch.js": "ba254c7d2880eeb371b4262ad596e66e66669554a6faefefced9838dcdfec52e",
    "https://esm.sh/v128/caniuse-lite@1.0.30001504/denonext/data/features/css-writing-mode.js": "fbdb193f000de8463543fd672f546421bb748824f74ba82bd9b61301ae4d7b5c",
    "https://esm.sh/v128/caniuse-lite@1.0.30001504/denonext/data/features/css3-boxsizing.js": "f2d5059b2869097a92e2b0f3bb4174a2ed9da721f72b9cb01928a2fc851a000b",
    "https://esm.sh/v128/caniuse-lite@1.0.30001504/denonext/data/features/css3-cursors-grab.js": "9eb77914cac58a4025a4051c53e15505c9fe630498cca1bc83f996cdc957b45a",
    "https://esm.sh/v128/caniuse-lite@1.0.30001504/denonext/data/features/css3-cursors-newer.js": "f3143e5c5a30fb6bd53ecf1237b7525352ebda5956781a9550cd228d6e96b375",
    "https://esm.sh/v128/caniuse-lite@1.0.30001504/denonext/data/features/css3-tabsize.js": "2260d1b048a459f7982b7517ec66c35b4864e1a3f0793a1ff31654a72d113cf3",
    "https://esm.sh/v128/caniuse-lite@1.0.30001504/denonext/data/features/flexbox.js": "a24ee833715c4f2c66d8894f031cef7a1c9a362cdb251685e15d93e937339114",
    "https://esm.sh/v128/caniuse-lite@1.0.30001504/denonext/data/features/font-feature.js": "dfa411834216ea28c0762abc9c3a9f0b98985cbfa888302379d5a3978df599bb",
    "https://esm.sh/v128/caniuse-lite@1.0.30001504/denonext/data/features/font-kerning.js": "baee53db8d62e9d558033096b01f46bcba427f369e684829c7a6013b39ed49b3",
    "https://esm.sh/v128/caniuse-lite@1.0.30001504/denonext/data/features/fullscreen.js": "5ae2b4346cbba963313b9413360ce1d1419c7394fe4d4bc04c3aa2899ced61b3",
    "https://esm.sh/v128/caniuse-lite@1.0.30001504/denonext/data/features/intrinsic-width.js": "48f20924fb661dd28506d7ba5eda37baf967deff04ee39336ae3a9afa32ccc04",
    "https://esm.sh/v128/caniuse-lite@1.0.30001504/denonext/data/features/mdn-css-unicode-bidi-isolate-override.js": "ae3243e16008f218d5fb5fca563a8c20a965737ccd3a9cbef6725f13dc336791",
    "https://esm.sh/v128/caniuse-lite@1.0.30001504/denonext/data/features/mdn-css-unicode-bidi-isolate.js": "e5b828f58941a1153ca7c13bdfc394f75f7fab9f17aa768fd802f9e74cfecdb0",
    "https://esm.sh/v128/caniuse-lite@1.0.30001504/denonext/data/features/mdn-css-unicode-bidi-plaintext.js": "0f9e57e3d36175615d6f2356ceb4492949bc71e77386f1ce5455205bc32c9207",
    "https://esm.sh/v128/caniuse-lite@1.0.30001504/denonext/data/features/mdn-text-decoration-color.js": "c306c2ede4d825648f095af2b301047cb2959228f08b6d3f86c13b90badf42b6",
    "https://esm.sh/v128/caniuse-lite@1.0.30001504/denonext/data/features/mdn-text-decoration-line.js": "f05c45a6c263431f31b2263131e5faef48149c520a9ac0e02244f75dcc91bd5c",
    "https://esm.sh/v128/caniuse-lite@1.0.30001504/denonext/data/features/mdn-text-decoration-shorthand.js": "7c0c055f59e3ba3fd5d14cf43f4c26e02d97c3e1abe35779908ca3c67d22fb40",
    "https://esm.sh/v128/caniuse-lite@1.0.30001504/denonext/data/features/mdn-text-decoration-style.js": "2a76f681bd3b2d1207797d9b1f3ff9dcb9130a2a2a9a26bf4a5f0185449a79c0",
    "https://esm.sh/v128/caniuse-lite@1.0.30001504/denonext/data/features/multicolumn.js": "0ad397c8d529a4250f45b50a8010abf2ed3cdde470f9bbb1a27030a8696cc6c1",
    "https://esm.sh/v128/caniuse-lite@1.0.30001504/denonext/data/features/object-fit.js": "1fc6eb0a8e5b59e267661df9fb4e70f4203a51d908bf1613ac66c553ad748763",
    "https://esm.sh/v128/caniuse-lite@1.0.30001504/denonext/data/features/pointer.js": "3f770458c1ab6c481bf2f3170210aa992b870bf2ad729b8bc7a5c227de580eb1",
    "https://esm.sh/v128/caniuse-lite@1.0.30001504/denonext/data/features/text-decoration.js": "1520b8d25200e8c1dab94f8b77d51666de9260f25fe0eb2a983973f0d1111163",
    "https://esm.sh/v128/caniuse-lite@1.0.30001504/denonext/data/features/text-emphasis.js": "d2c592ac6e1cdd136d549a200fdc650966f0093e810be69a29a7fc73c2e8fc26",
    "https://esm.sh/v128/caniuse-lite@1.0.30001504/denonext/data/features/text-overflow.js": "f1c273e984812e76a0cbda5d4a1cde4d57e7436102e16992530791bb01c50584",
    "https://esm.sh/v128/caniuse-lite@1.0.30001504/denonext/data/features/text-size-adjust.js": "662064d84c9d72eb3a5ae10c898dcc629a577c58e879e499053fbabd80d25a12",
    "https://esm.sh/v128/caniuse-lite@1.0.30001504/denonext/data/features/transforms2d.js": "83a64adcdf5b8abf26152e51679614ecda6a83c0aee610976df1ae3caafb046a",
    "https://esm.sh/v128/caniuse-lite@1.0.30001504/denonext/data/features/transforms3d.js": "8f114092e7fa6be20ecb135d0f5c3bdd24cdc58a30135ab7230c99e238d3c7ca",
    "https://esm.sh/v128/caniuse-lite@1.0.30001504/denonext/data/features/user-select-none.js": "2fb95f53c79756b94cc4e687b622584a410c2e00c59e2d3e4a1c972cca7c5816",
    "https://esm.sh/v128/caniuse-lite@1.0.30001504/denonext/dist/unpacker/agents.js": "5c0e7a40bcd333bdcda908960394c315f711adaad367eaef07a521916a84ea62",
    "https://esm.sh/v128/caniuse-lite@1.0.30001504/denonext/dist/unpacker/feature.js": "41b0c97ff43e2745e09893c761720919bcd10ccd611f0d18648d80cc780f35ab",
    "https://esm.sh/v128/colord@2.9.3/denonext/colord.mjs": "b449a810d616cbf4f44abfe847bd68d7a65644feb9e600796a7bcb62b0dc992e",
    "https://esm.sh/v128/colord@2.9.3/denonext/plugins/hwb.js": "38a4269b12e4bf2b0ff885bbdbf20dae21d031dc9a404c85016f61b2c083a6dd",
    "https://esm.sh/v128/colord@2.9.3/denonext/plugins/lab.js": "8be53d57fc39a10bd844743a6553badf97accc515abe5ded403053e62dcec971",
    "https://esm.sh/v128/colord@2.9.3/denonext/plugins/lch.js": "0a8c3b4233cd5b92b97df39a2a34d9730f88f3524aa5ab56ada2f414d3f6a03d",
    "https://esm.sh/v128/colord@2.9.3/denonext/plugins/mix.js": "eb5c03f2aad8eae0f10854325a5da74b9e8ecab0d4a1ee953afb239c707e86bf",
    "https://esm.sh/v128/colord@2.9.3/denonext/plugins/names.js": "55df70181356c3cf2204ccc603403ba0d2e399e84bd9735ef0e280231e9d7062",
    "https://esm.sh/v128/colord@2.9.3/denonext/plugins/xyz.js": "5329ee40432c3d25eacb2a8e848a0b6bc4222a602ad0ac8da83f97310f831e99",
    "https://esm.sh/v128/daisyui@3.1.10/denonext/dist/base.js": "82d1d53626cb9348ce2ec1844babaf6eeb1e158b684f873e5e04e962b47d8251",
    "https://esm.sh/v128/daisyui@3.1.10/denonext/dist/styled.js": "bd9dc5874415cb569b38e6767c9fb21c48ff9f0b12878dfe32f5b38478a9f757",
    "https://esm.sh/v128/daisyui@3.1.10/denonext/dist/styled.rtl.js": "95f4bf8248e4ea87b2a5ab92bc769183e73fac87240215753e3fe0401732c93e",
    "https://esm.sh/v128/daisyui@3.1.10/denonext/dist/unstyled.js": "f83a86c31a6aa6af870a66b469b1f9e0b4240a93f6f5835ef3e0067b2221f722",
    "https://esm.sh/v128/daisyui@3.1.10/denonext/dist/unstyled.rtl.js": "8e934c25a815c8c1801f867bac678522c48282b073bf918c59b5c7768de329b2",
    "https://esm.sh/v128/daisyui@3.1.10/denonext/dist/utilities-styled.js": "2042733a31008238f3e375c4f43340da911af03c519f69b918f9774d1cd2a425",
    "https://esm.sh/v128/daisyui@3.1.10/denonext/dist/utilities-unstyled.js": "c05dc898bd76a3a1e43420bff59ea4985eea622cfcb6148aa061d0cfadd72a41",
    "https://esm.sh/v128/daisyui@3.1.10/denonext/dist/utilities.js": "47a828df89ed088d40613c0a42426bb01db98e0f15420e37c737c6fc89a72f6f",
    "https://esm.sh/v128/daisyui@3.1.10/denonext/src/theming.js": "2f3700b9a59a6d7005466f1edc95461d1b47afe39ec1351f7e7102007dc98e2e",
    "https://esm.sh/v128/daisyui@3.1.10/denonext/src/theming/functions.js": "e4c4f9f8f69adae874e4bd669270789f63cfad5b480c4b507b2e5120c93b51aa",
    "https://esm.sh/v128/daisyui@3.1.10/denonext/src/theming/themes.js": "b141909f2ffe7d5ecd1dccf6e16c5ae68f1f61673eca1fda962ab5f4b35d13cb",
    "https://esm.sh/v128/electron-to-chromium@1.4.433/denonext/versions.js": "f827ccf82ac391c70a24eca10cdd7b5decd95beda378dba89234dc9a4d1289a1",
    "https://esm.sh/v128/fraction.js@4.2.0/denonext/fraction.mjs": "98660bf00f4b38391a66d6de75dbf96bf54e02c630237ed91683e2768f6964f8",
    "https://esm.sh/v128/m3u8stream@0.8.6/denonext/m3u8stream.mjs": "9baa47cd68e59a2857777459e9170c5bff024e98034749d90c0e7556324a17b7",
    "https://esm.sh/v128/miniget@4.2.2/denonext/miniget.mjs": "94a11cfecf6e890809d789695c7af138a9b8712a588fa744dfa5535db3df2eaf",
    "https://esm.sh/v128/nanoid@3.3.6/denonext/non-secure.js": "9339526d48828770370eba72bf719a40b74de0e1197d8a582c15fbd9ab837d3d",
    "https://esm.sh/v128/normalize-range@0.1.2/denonext/normalize-range.mjs": "2052292fafd4a996f92cdeb47eee4e4d15b186442b838130660ad45ca41dce43",
    "https://esm.sh/v128/parsel-js@1.1.1/denonext/parsel-js.mjs": "a5af9def00bdf1ef58e2d6c89de880939bd5dad06b083fb3c1cbc6cc52fa8039",
    "https://esm.sh/v128/picocolors@1.0.0/denonext/picocolors.mjs": "5d53d745955947dce84f82222cfd00fd021239fcbe9336c6bbfe34ed2f40886c",
    "https://esm.sh/v128/postcss-js@4.0.1/denonext/postcss-js.mjs": "e2163795b61efb52f0dcb34079f05de4b6a223be48be66514bbfd382ae86b92e",
    "https://esm.sh/v128/postcss-value-parser@4.2.0/denonext/postcss-value-parser.mjs": "846025de2c7dd40b61d32aabe6594a2a7ea1c1e4c356c7b9bfc58cc991d7e69c",
    "https://esm.sh/v128/postcss@8.4.25/denonext/postcss.mjs": "ecc9dd17f7c3601ff64415e6278802f5e94e69fbbc5d7c16d282c6ae4d474345",
    "https://esm.sh/v128/querystring@0.2.1/denonext/querystring.mjs": "02c816f35e988bb24d5255ffc94a5995d102f5b3089e27e92038370ee73be64b",
    "https://esm.sh/v128/react-dom@18.2.0/client": "64b1a974cc818447c291cdc18f32ffa1d2f142db1b343d1c3bd1d9762785c25a",
    "https://esm.sh/v128/react-dom@18.2.0/denonext/client.js": "04c17de4d1a4c89258ca034b40e2cef959df9fc9e26d7ec69afe23f62ac4923b",
    "https://esm.sh/v128/react-dom@18.2.0/denonext/react-dom.mjs": "a2ae6182d08dcf63e912149425f52ecb37e7bd888438effe49ea71a58f9ab748",
    "https://esm.sh/v128/react-dom@18.2.0/denonext/server.js": "0460557cf83e61c275692fc0b9b22837cad662db116c048e354eac3109f8b326",
    "https://esm.sh/v128/react-dom@18.2.0/server": "62d5e6b8af469270c5d7c19f82aa7e345471bff19478404c755d08f82ef1afcf",
    "https://esm.sh/v128/react@18.2.0": "8950a34a030620fce8349d6bd3913b3bdb186c5ec7968fa5ba4d054e22d78e6c",
    "https://esm.sh/v128/react@18.2.0/jsx-runtime": "914a55a07c388d345c5a0c11616ee5282242e8b8dfd0d505b83500ea04fd9870",
    "https://esm.sh/v128/sax@1.2.4/denonext/sax.mjs": "c709f5e231d178e08230a3e35ea55a1d4ccccefa69e47a7cb7da37adb5b342dd",
    "https://esm.sh/v128/scheduler@0.23.0/denonext/scheduler.mjs": "cdbc6d2823e2c6fffcb14501146ff2602a38c48d3c9dd9268f308e833ede2b49",
    "https://esm.sh/v128/source-map-js@1.0.2/denonext/source-map-js.mjs": "81ed2d1f28bd08a762f6819d5b366285a1bacf4b5c3757d866c79e4950529bfd",
    "https://esm.sh/v128/unocss-preset-daisy@6.0.0/denonext/unocss-preset-daisy.mjs": "d0300ecb22e3b0046365ac47e0061fd5b694b47dd6b838d3fcac046284ca99d9",
    "https://raw.githubusercontent.com/fent/node-m3u8stream/master/src/parse-time.ts": "7cf1d14095380fa9e75f7c4c4420dcd9f21ea5279a6731e94b81a543342f3ac9"
  },
  "npm": {
    "specifiers": {
      "@types/node": "@types/node@18.16.19"
    },
    "packages": {
      "@types/node@18.16.19": {
        "integrity": "sha512-IXl7o+R9iti9eBW4Wg2hx1xQDig183jj7YLn8F7udNceyfkbn1ZxmzZXuak20gR40D7pIkIY1kYGx5VIGbaHKA==",
        "dependencies": {}
      }
    }
  }
}
